
Microsoft Visual Studio Solution File, Format Version 12.00
# Visual Studio Version 17
VisualStudioVersion = 17.6.33723.286
MinimumVisualStudioVersion = 10.0.40219.1
Project("{FAE04EC0-301F-11D3-BF4B-00C04F79EFBC}") = "bee1053", "bee1053.csproj", "{4707F01A-A377-41C2-9F57-B9E39022F1E0}"
EndProject
Global
	GlobalSection(SolutionConfigurationPlatforms) = preSolution
		Debug|Any CPU = Debug|Any CPU
		Release|Any CPU = Release|Any CPU
	EndGlobalSection
	GlobalSection(ProjectConfigurationPlatforms) = postSolution
		{4707F01A-A377-41C2-9F57-B9E39022F1E0}.Debug|Any CPU.ActiveCfg = Debug|Any CPU
		{4707F01A-A377-41C2-9F57-B9E39022F1E0}.Debug|Any CPU.Build.0 = Debug|Any CPU
		{4707F01A-A377-41C2-9F57-B9E39022F1E0}.Release|Any CPU.ActiveCfg = Release|Any CPU
		{4707F01A-A377-41C2-9F57-B9E39022F1E0}.Release|Any CPU.Build.0 = Release|Any CPU
	EndGlobalSection
	GlobalSection(SolutionProperties) = preSolution
		HideSolutionNode = FALSE
	EndGlobalSection
	GlobalSection(ExtensibilityGlobals) = postSolution
		SolutionGuid = {4F709C56-C713-4B4E-911A-79F6B0AAC047}
	EndGlobalSection
EndGlobal
